
Microsoft Visual Studio Solution File, Format Version 12.00
# Visual Studio Version 16
VisualStudioVersion = 16.0.30104.148
MinimumVisualStudioVersion = 10.0.40219.1
Project("{FAE04EC0-301F-11D3-BF4B-00C04F79EFBC}") = "2_Uzduotis", "2_Uzduotis.csproj", "{87C2A168-64DF-4E78-A6C8-B97275ED6C66}"
EndProject
Global
	GlobalSection(SolutionConfigurationPlatforms) = preSolution
		Debug|Any CPU = Debug|Any CPU
		Release|Any CPU = Release|Any CPU
	EndGlobalSection
	GlobalSection(ProjectConfigurationPlatforms) = postSolution
		{87C2A168-64DF-4E78-A6C8-B97275ED6C66}.Debug|Any CPU.ActiveCfg = Debug|Any CPU
		{87C2A168-64DF-4E78-A6C8-B97275ED6C66}.Debug|Any CPU.Build.0 = Debug|Any CPU
		{87C2A168-64DF-4E78-A6C8-B97275ED6C66}.Release|Any CPU.ActiveCfg = Release|Any CPU
		{87C2A168-64DF-4E78-A6C8-B97275ED6C66}.Release|Any CPU.Build.0 = Release|Any CPU
	EndGlobalSection
	GlobalSection(SolutionProperties) = preSolution
		HideSolutionNode = FALSE
	EndGlobalSection
	GlobalSection(ExtensibilityGlobals) = postSolution
		SolutionGuid = {E2F969DF-0E92-435A-B89F-292965E06296}
	EndGlobalSection
EndGlobal
